
Microsoft Visual Studio Solution File, Format Version 12.00
# Visual Studio Version 16
VisualStudioVersion = 16.0.32630.194
MinimumVisualStudioVersion = 10.0.40219.1
Project("{FAE04EC0-301F-11D3-BF4B-00C04F79EFBC}") = "DndCharacterCreation_WPF", "DndCharacterCreation_WPF\DndCharacterCreation_WPF.csproj", "{AC55B968-9FF7-4B9E-B792-056BE83C9EA2}"
EndProject
Project("{FAE04EC0-301F-11D3-BF4B-00C04F79EFBC}") = "DndCharacterCreation_DAL", "DndCharacterCreation_DAL\DndCharacterCreation_DAL.csproj", "{16A4FD05-4324-4CD7-BD9A-B942826475B5}"
EndProject
Project("{FAE04EC0-301F-11D3-BF4B-00C04F79EFBC}") = "DndCharacterCreation_Model", "DndCharacterCreation_Model\DndCharacterCreation_Model.csproj", "{54C1C78E-CB0F-4C90-918B-636B501FC671}"
EndProject
Global
	GlobalSection(SolutionConfigurationPlatforms) = preSolution
		Debug|Any CPU = Debug|Any CPU
		Release|Any CPU = Release|Any CPU
	EndGlobalSection
	GlobalSection(ProjectConfigurationPlatforms) = postSolution
		{AC55B968-9FF7-4B9E-B792-056BE83C9EA2}.Debug|Any CPU.ActiveCfg = Debug|Any CPU
		{AC55B968-9FF7-4B9E-B792-056BE83C9EA2}.Debug|Any CPU.Build.0 = Debug|Any CPU
		{AC55B968-9FF7-4B9E-B792-056BE83C9EA2}.Release|Any CPU.ActiveCfg = Release|Any CPU
		{AC55B968-9FF7-4B9E-B792-056BE83C9EA2}.Release|Any CPU.Build.0 = Release|Any CPU
		{16A4FD05-4324-4CD7-BD9A-B942826475B5}.Debug|Any CPU.ActiveCfg = Debug|Any CPU
		{16A4FD05-4324-4CD7-BD9A-B942826475B5}.Debug|Any CPU.Build.0 = Debug|Any CPU
		{16A4FD05-4324-4CD7-BD9A-B942826475B5}.Release|Any CPU.ActiveCfg = Release|Any CPU
		{16A4FD05-4324-4CD7-BD9A-B942826475B5}.Release|Any CPU.Build.0 = Release|Any CPU
		{54C1C78E-CB0F-4C90-918B-636B501FC671}.Debug|Any CPU.ActiveCfg = Debug|Any CPU
		{54C1C78E-CB0F-4C90-918B-636B501FC671}.Debug|Any CPU.Build.0 = Debug|Any CPU
		{54C1C78E-CB0F-4C90-918B-636B501FC671}.Release|Any CPU.ActiveCfg = Release|Any CPU
		{54C1C78E-CB0F-4C90-918B-636B501FC671}.Release|Any CPU.Build.0 = Release|Any CPU
	EndGlobalSection
	GlobalSection(SolutionProperties) = preSolution
		HideSolutionNode = FALSE
	EndGlobalSection
	GlobalSection(ExtensibilityGlobals) = postSolution
		SolutionGuid = {8C9B1E56-7880-4765-8BED-907088CD7995}
	EndGlobalSection
EndGlobal
